
Microsoft Visual Studio Solution File, Format Version 12.00
# Visual Studio Version 17
VisualStudioVersion = 17.1.31911.260
MinimumVisualStudioVersion = 10.0.40219.1
Project("{2150E333-8FDC-42A3-9474-1A3956D46DE8}") = "Devfreco.Referance", "Devfreco.Referance", "{73BD956F-2763-457D-9838-BCFDBC35205D}"
	ProjectSection(SolutionItems) = preProject
		Devfreco.Referance\Dev.Core.dll = Devfreco.Referance\Dev.Core.dll
		Devfreco.Referance\Dev.Data.dll = Devfreco.Referance\Dev.Data.dll
		Devfreco.Referance\Dev.Framework.dll = Devfreco.Referance\Dev.Framework.dll
		Devfreco.Referance\Dev.Mongo.dll = Devfreco.Referance\Dev.Mongo.dll
	EndProjectSection
EndProject
Project("{2150E333-8FDC-42A3-9474-1A3956D46DE8}") = "Libraries", "Libraries", "{0CE05C14-0687-4A39-A8CF-38DA9E0B4707}"
EndProject
Project("{2150E333-8FDC-42A3-9474-1A3956D46DE8}") = "Presentation", "Presentation", "{A9262EC0-4A57-47CD-9FD5-749B261E9A05}"
EndProject
Project("{9A19103F-16F7-4668-BE54-9A1E7A4F7556}") = "Devfreco.MediaServer.Api", "Presentation\Devfreco.MediaServer.Api\Devfreco.MediaServer.Api.csproj", "{45700693-EE9F-4CCD-9F21-26AD7CB6005A}"
EndProject
Project("{2150E333-8FDC-42A3-9474-1A3956D46DE8}") = "Data", "Data", "{7A6B08BF-E5A3-403D-98D1-CD34998ECAC3}"
EndProject
Project("{2150E333-8FDC-42A3-9474-1A3956D46DE8}") = "Dto", "Dto", "{DA36502D-A92D-45C1-862B-F655E6D16866}"
EndProject
Project("{9A19103F-16F7-4668-BE54-9A1E7A4F7556}") = "Dev.Data.Mongo", "Libraries\Data\Dev.Data.Mongo\Dev.Data.Mongo.csproj", "{7AFFB703-8C48-45AE-B8AA-A2A3BC5C3C88}"
EndProject
Project("{9A19103F-16F7-4668-BE54-9A1E7A4F7556}") = "Dev.Dto.Mongo", "Libraries\Dto\Dev.Dto.Mongo\Dev.Dto.Mongo.csproj", "{DEAA71D1-3388-4F75-BA8A-6B11F19AFEDA}"
EndProject
Project("{2150E333-8FDC-42A3-9474-1A3956D46DE8}") = "Service", "Service", "{467CF660-8168-406C-89E5-892D4BA9F151}"
EndProject
Project("{9A19103F-16F7-4668-BE54-9A1E7A4F7556}") = "Dev.Services", "Libraries\Service\Dev.Services\Dev.Services.csproj", "{6FED1632-A16C-45F6-AD45-297D78041C87}"
EndProject
Global
	GlobalSection(SolutionConfigurationPlatforms) = preSolution
		Debug|Any CPU = Debug|Any CPU
		Release|Any CPU = Release|Any CPU
	EndGlobalSection
	GlobalSection(ProjectConfigurationPlatforms) = postSolution
		{45700693-EE9F-4CCD-9F21-26AD7CB6005A}.Debug|Any CPU.ActiveCfg = Debug|Any CPU
		{45700693-EE9F-4CCD-9F21-26AD7CB6005A}.Debug|Any CPU.Build.0 = Debug|Any CPU
		{45700693-EE9F-4CCD-9F21-26AD7CB6005A}.Release|Any CPU.ActiveCfg = Release|Any CPU
		{45700693-EE9F-4CCD-9F21-26AD7CB6005A}.Release|Any CPU.Build.0 = Release|Any CPU
		{7AFFB703-8C48-45AE-B8AA-A2A3BC5C3C88}.Debug|Any CPU.ActiveCfg = Debug|Any CPU
		{7AFFB703-8C48-45AE-B8AA-A2A3BC5C3C88}.Debug|Any CPU.Build.0 = Debug|Any CPU
		{7AFFB703-8C48-45AE-B8AA-A2A3BC5C3C88}.Release|Any CPU.ActiveCfg = Release|Any CPU
		{7AFFB703-8C48-45AE-B8AA-A2A3BC5C3C88}.Release|Any CPU.Build.0 = Release|Any CPU
		{DEAA71D1-3388-4F75-BA8A-6B11F19AFEDA}.Debug|Any CPU.ActiveCfg = Debug|Any CPU
		{DEAA71D1-3388-4F75-BA8A-6B11F19AFEDA}.Debug|Any CPU.Build.0 = Debug|Any CPU
		{DEAA71D1-3388-4F75-BA8A-6B11F19AFEDA}.Release|Any CPU.ActiveCfg = Release|Any CPU
		{DEAA71D1-3388-4F75-BA8A-6B11F19AFEDA}.Release|Any CPU.Build.0 = Release|Any CPU
		{6FED1632-A16C-45F6-AD45-297D78041C87}.Debug|Any CPU.ActiveCfg = Debug|Any CPU
		{6FED1632-A16C-45F6-AD45-297D78041C87}.Debug|Any CPU.Build.0 = Debug|Any CPU
		{6FED1632-A16C-45F6-AD45-297D78041C87}.Release|Any CPU.ActiveCfg = Release|Any CPU
		{6FED1632-A16C-45F6-AD45-297D78041C87}.Release|Any CPU.Build.0 = Release|Any CPU
	EndGlobalSection
	GlobalSection(SolutionProperties) = preSolution
		HideSolutionNode = FALSE
	EndGlobalSection
	GlobalSection(NestedProjects) = preSolution
		{45700693-EE9F-4CCD-9F21-26AD7CB6005A} = {A9262EC0-4A57-47CD-9FD5-749B261E9A05}
		{7A6B08BF-E5A3-403D-98D1-CD34998ECAC3} = {0CE05C14-0687-4A39-A8CF-38DA9E0B4707}
		{DA36502D-A92D-45C1-862B-F655E6D16866} = {0CE05C14-0687-4A39-A8CF-38DA9E0B4707}
		{7AFFB703-8C48-45AE-B8AA-A2A3BC5C3C88} = {7A6B08BF-E5A3-403D-98D1-CD34998ECAC3}
		{DEAA71D1-3388-4F75-BA8A-6B11F19AFEDA} = {DA36502D-A92D-45C1-862B-F655E6D16866}
		{467CF660-8168-406C-89E5-892D4BA9F151} = {0CE05C14-0687-4A39-A8CF-38DA9E0B4707}
		{6FED1632-A16C-45F6-AD45-297D78041C87} = {467CF660-8168-406C-89E5-892D4BA9F151}
	EndGlobalSection
	GlobalSection(ExtensibilityGlobals) = postSolution
		SolutionGuid = {29987545-07EB-4660-89B6-40BB0F554AC4}
	EndGlobalSection
EndGlobal
